
Microsoft Visual Studio Solution File, Format Version 12.00
# Visual Studio 2012
Project("{2150E333-8FDC-42A3-9474-1A3956D46DE8}") = "99 Libraries", "99 Libraries", "{77B5B35B-C09D-4A36-86DB-BB48A4C640AC}"
EndProject
Project("{2150E333-8FDC-42A3-9474-1A3956D46DE8}") = "01 CLK.Settings", "01 CLK.Settings", "{0964F5FF-4306-49C9-B777-6F7D2A5E05BD}"
EndProject
Project("{FAE04EC0-301F-11D3-BF4B-00C04F79EFBC}") = "CLK", "Libraries\CLK\CLK.csproj", "{55A100B9-E43E-4E90-A2D8-2B5E5EF31490}"
EndProject
Project("{FAE04EC0-301F-11D3-BF4B-00C04F79EFBC}") = "CLK.Common", "Libraries\CLK.Common\CLK.Common.csproj", "{02B25CB5-EB57-47E0-914A-5DD44EA93C7D}"
EndProject
Project("{FAE04EC0-301F-11D3-BF4B-00C04F79EFBC}") = "CLK.Composition", "Libraries\CLK.Composition\CLK.Composition.csproj", "{C5E951B5-9571-44FF-B3B9-5D7CFA26F538}"
EndProject
Project("{FAE04EC0-301F-11D3-BF4B-00C04F79EFBC}") = "CLK.Configuration", "Libraries\CLK.Configuration\CLK.Configuration.csproj", "{D821CFE4-A1C8-4252-8929-4404155AD5DD}"
EndProject
Project("{FAE04EC0-301F-11D3-BF4B-00C04F79EFBC}") = "CLK.ServiceModel", "Libraries\CLK.ServiceModel\CLK.ServiceModel.csproj", "{B2315614-7DC4-42F5-946F-EBC75C336880}"
EndProject
Project("{FAE04EC0-301F-11D3-BF4B-00C04F79EFBC}") = "CLK.Settings.Samples.No001", "Samples\CLK.Settings.Samples.No001\CLK.Settings.Samples.No001.csproj", "{DFC4A7BB-19A7-4C1B-88C7-DA510154D11E}"
EndProject
Project("{FAE04EC0-301F-11D3-BF4B-00C04F79EFBC}") = "CLK.Settings.Samples.No002", "Samples\CLK.Settings.Samples.No002\CLK.Settings.Samples.No002.csproj", "{6FCC30E8-31DC-4DB3-9657-CC41E36F1ADF}"
EndProject
Project("{FAE04EC0-301F-11D3-BF4B-00C04F79EFBC}") = "CLK.Settings.Samples.No003", "Samples\CLK.Settings.Samples.No003\CLK.Settings.Samples.No003.csproj", "{26874002-3370-4863-B85E-6C9852F56753}"
EndProject
Project("{FAE04EC0-301F-11D3-BF4B-00C04F79EFBC}") = "CLK.Settings.Samples.No004", "Samples\CLK.Settings.Samples.No004\CLK.Settings.Samples.No004.csproj", "{F1CDADF1-397F-44C2-A904-6DAB5798F088}"
EndProject
Project("{FAE04EC0-301F-11D3-BF4B-00C04F79EFBC}") = "CLK.Settings.Samples.No005", "Samples\CLK.Settings.Samples.No005\CLK.Settings.Samples.No005.csproj", "{0DADD811-CFFB-455A-B926-FB638C5427E8}"
EndProject
Project("{FAE04EC0-301F-11D3-BF4B-00C04F79EFBC}") = "CLK.Settings.Samples.No006", "Samples\CLK.Settings.Samples.No006\CLK.Settings.Samples.No006.csproj", "{F5C9798E-759F-435A-B82F-9E2E7F6C8255}"
EndProject
Project("{FAE04EC0-301F-11D3-BF4B-00C04F79EFBC}") = "CLK.ServiceModelV2", "Libraries\CLK.ServiceModelV2\CLK.ServiceModelV2.csproj", "{21B0E32A-3CC0-41BC-9616-0EECE9B2EE69}"
EndProject
Global
	GlobalSection(SolutionConfigurationPlatforms) = preSolution
		Debug|Any CPU = Debug|Any CPU
		Release|Any CPU = Release|Any CPU
	EndGlobalSection
	GlobalSection(ProjectConfigurationPlatforms) = postSolution
		{55A100B9-E43E-4E90-A2D8-2B5E5EF31490}.Debug|Any CPU.ActiveCfg = Debug|Any CPU
		{55A100B9-E43E-4E90-A2D8-2B5E5EF31490}.Debug|Any CPU.Build.0 = Debug|Any CPU
		{55A100B9-E43E-4E90-A2D8-2B5E5EF31490}.Release|Any CPU.ActiveCfg = Release|Any CPU
		{55A100B9-E43E-4E90-A2D8-2B5E5EF31490}.Release|Any CPU.Build.0 = Release|Any CPU
		{02B25CB5-EB57-47E0-914A-5DD44EA93C7D}.Debug|Any CPU.ActiveCfg = Debug|Any CPU
		{02B25CB5-EB57-47E0-914A-5DD44EA93C7D}.Debug|Any CPU.Build.0 = Debug|Any CPU
		{02B25CB5-EB57-47E0-914A-5DD44EA93C7D}.Release|Any CPU.ActiveCfg = Release|Any CPU
		{02B25CB5-EB57-47E0-914A-5DD44EA93C7D}.Release|Any CPU.Build.0 = Release|Any CPU
		{C5E951B5-9571-44FF-B3B9-5D7CFA26F538}.Debug|Any CPU.ActiveCfg = Debug|Any CPU
		{C5E951B5-9571-44FF-B3B9-5D7CFA26F538}.Debug|Any CPU.Build.0 = Debug|Any CPU
		{C5E951B5-9571-44FF-B3B9-5D7CFA26F538}.Release|Any CPU.ActiveCfg = Release|Any CPU
		{C5E951B5-9571-44FF-B3B9-5D7CFA26F538}.Release|Any CPU.Build.0 = Release|Any CPU
		{D821CFE4-A1C8-4252-8929-4404155AD5DD}.Debug|Any CPU.ActiveCfg = Debug|Any CPU
		{D821CFE4-A1C8-4252-8929-4404155AD5DD}.Debug|Any CPU.Build.0 = Debug|Any CPU
		{D821CFE4-A1C8-4252-8929-4404155AD5DD}.Release|Any CPU.ActiveCfg = Release|Any CPU
		{D821CFE4-A1C8-4252-8929-4404155AD5DD}.Release|Any CPU.Build.0 = Release|Any CPU
		{B2315614-7DC4-42F5-946F-EBC75C336880}.Debug|Any CPU.ActiveCfg = Debug|Any CPU
		{B2315614-7DC4-42F5-946F-EBC75C336880}.Debug|Any CPU.Build.0 = Debug|Any CPU
		{B2315614-7DC4-42F5-946F-EBC75C336880}.Release|Any CPU.ActiveCfg = Release|Any CPU
		{B2315614-7DC4-42F5-946F-EBC75C336880}.Release|Any CPU.Build.0 = Release|Any CPU
		{DFC4A7BB-19A7-4C1B-88C7-DA510154D11E}.Debug|Any CPU.ActiveCfg = Debug|Any CPU
		{DFC4A7BB-19A7-4C1B-88C7-DA510154D11E}.Debug|Any CPU.Build.0 = Debug|Any CPU
		{DFC4A7BB-19A7-4C1B-88C7-DA510154D11E}.Release|Any CPU.ActiveCfg = Release|Any CPU
		{DFC4A7BB-19A7-4C1B-88C7-DA510154D11E}.Release|Any CPU.Build.0 = Release|Any CPU
		{6FCC30E8-31DC-4DB3-9657-CC41E36F1ADF}.Debug|Any CPU.ActiveCfg = Debug|Any CPU
		{6FCC30E8-31DC-4DB3-9657-CC41E36F1ADF}.Debug|Any CPU.Build.0 = Debug|Any CPU
		{6FCC30E8-31DC-4DB3-9657-CC41E36F1ADF}.Release|Any CPU.ActiveCfg = Release|Any CPU
		{6FCC30E8-31DC-4DB3-9657-CC41E36F1ADF}.Release|Any CPU.Build.0 = Release|Any CPU
		{26874002-3370-4863-B85E-6C9852F56753}.Debug|Any CPU.ActiveCfg = Debug|Any CPU
		{26874002-3370-4863-B85E-6C9852F56753}.Debug|Any CPU.Build.0 = Debug|Any CPU
		{26874002-3370-4863-B85E-6C9852F56753}.Release|Any CPU.ActiveCfg = Release|Any CPU
		{26874002-3370-4863-B85E-6C9852F56753}.Release|Any CPU.Build.0 = Release|Any CPU
		{F1CDADF1-397F-44C2-A904-6DAB5798F088}.Debug|Any CPU.ActiveCfg = Debug|Any CPU
		{F1CDADF1-397F-44C2-A904-6DAB5798F088}.Debug|Any CPU.Build.0 = Debug|Any CPU
		{F1CDADF1-397F-44C2-A904-6DAB5798F088}.Release|Any CPU.ActiveCfg = Release|Any CPU
		{F1CDADF1-397F-44C2-A904-6DAB5798F088}.Release|Any CPU.Build.0 = Release|Any CPU
		{0DADD811-CFFB-455A-B926-FB638C5427E8}.Debug|Any CPU.ActiveCfg = Debug|Any CPU
		{0DADD811-CFFB-455A-B926-FB638C5427E8}.Debug|Any CPU.Build.0 = Debug|Any CPU
		{0DADD811-CFFB-455A-B926-FB638C5427E8}.Release|Any CPU.ActiveCfg = Release|Any CPU
		{0DADD811-CFFB-455A-B926-FB638C5427E8}.Release|Any CPU.Build.0 = Release|Any CPU
		{F5C9798E-759F-435A-B82F-9E2E7F6C8255}.Debug|Any CPU.ActiveCfg = Debug|Any CPU
		{F5C9798E-759F-435A-B82F-9E2E7F6C8255}.Debug|Any CPU.Build.0 = Debug|Any CPU
		{F5C9798E-759F-435A-B82F-9E2E7F6C8255}.Release|Any CPU.ActiveCfg = Release|Any CPU
		{F5C9798E-759F-435A-B82F-9E2E7F6C8255}.Release|Any CPU.Build.0 = Release|Any CPU
		{21B0E32A-3CC0-41BC-9616-0EECE9B2EE69}.Debug|Any CPU.ActiveCfg = Debug|Any CPU
		{21B0E32A-3CC0-41BC-9616-0EECE9B2EE69}.Debug|Any CPU.Build.0 = Debug|Any CPU
		{21B0E32A-3CC0-41BC-9616-0EECE9B2EE69}.Release|Any CPU.ActiveCfg = Release|Any CPU
		{21B0E32A-3CC0-41BC-9616-0EECE9B2EE69}.Release|Any CPU.Build.0 = Release|Any CPU
	EndGlobalSection
	GlobalSection(SolutionProperties) = preSolution
		HideSolutionNode = FALSE
	EndGlobalSection
	GlobalSection(NestedProjects) = preSolution
		{55A100B9-E43E-4E90-A2D8-2B5E5EF31490} = {77B5B35B-C09D-4A36-86DB-BB48A4C640AC}
		{02B25CB5-EB57-47E0-914A-5DD44EA93C7D} = {77B5B35B-C09D-4A36-86DB-BB48A4C640AC}
		{C5E951B5-9571-44FF-B3B9-5D7CFA26F538} = {77B5B35B-C09D-4A36-86DB-BB48A4C640AC}
		{D821CFE4-A1C8-4252-8929-4404155AD5DD} = {77B5B35B-C09D-4A36-86DB-BB48A4C640AC}
		{B2315614-7DC4-42F5-946F-EBC75C336880} = {77B5B35B-C09D-4A36-86DB-BB48A4C640AC}
		{21B0E32A-3CC0-41BC-9616-0EECE9B2EE69} = {77B5B35B-C09D-4A36-86DB-BB48A4C640AC}
		{DFC4A7BB-19A7-4C1B-88C7-DA510154D11E} = {0964F5FF-4306-49C9-B777-6F7D2A5E05BD}
		{6FCC30E8-31DC-4DB3-9657-CC41E36F1ADF} = {0964F5FF-4306-49C9-B777-6F7D2A5E05BD}
		{26874002-3370-4863-B85E-6C9852F56753} = {0964F5FF-4306-49C9-B777-6F7D2A5E05BD}
		{F1CDADF1-397F-44C2-A904-6DAB5798F088} = {0964F5FF-4306-49C9-B777-6F7D2A5E05BD}
		{0DADD811-CFFB-455A-B926-FB638C5427E8} = {0964F5FF-4306-49C9-B777-6F7D2A5E05BD}
		{F5C9798E-759F-435A-B82F-9E2E7F6C8255} = {0964F5FF-4306-49C9-B777-6F7D2A5E05BD}
	EndGlobalSection
EndGlobal
