
Microsoft Visual Studio Solution File, Format Version 12.00
# Visual Studio 2012
Project("{2150E333-8FDC-42A3-9474-1A3956D46DE8}") = "CLK", "CLK", "{350C47D2-5C7A-48D5-8380-C749188AE1D5}"
EndProject
Project("{FAE04EC0-301F-11D3-BF4B-00C04F79EFBC}") = "CLK", "CLK\CLK\CLK.csproj", "{55A100B9-E43E-4E90-A2D8-2B5E5EF31490}"
EndProject
Project("{FAE04EC0-301F-11D3-BF4B-00C04F79EFBC}") = "CLK.Configuration", "CLK\CLK.Configuration\CLK.Configuration.csproj", "{D821CFE4-A1C8-4252-8929-4404155AD5DD}"
EndProject
Project("{2150E333-8FDC-42A3-9474-1A3956D46DE8}") = "CLK.Settings", "CLK.Settings", "{446F0026-7A88-4593-892B-2C3FE3DBF72B}"
EndProject
Project("{FAE04EC0-301F-11D3-BF4B-00C04F79EFBC}") = "CLK.Settings", "CLK.Settings\CLK.Settings\CLK.Settings.csproj", "{3D0AB3CE-BEA2-4F3D-92DF-584D64ACD15C}"
EndProject
Project("{FAE04EC0-301F-11D3-BF4B-00C04F79EFBC}") = "CLK.Settings.Configuration", "CLK.Settings\CLK.Settings.Configuration\CLK.Settings.Configuration.csproj", "{6BAA3780-80F5-459B-944D-850B468B5E11}"
EndProject
Project("{2150E333-8FDC-42A3-9474-1A3956D46DE8}") = "Samples", "Samples", "{24E08727-76A0-4950-933A-68CEB6B465D9}"
EndProject
Project("{FAE04EC0-301F-11D3-BF4B-00C04F79EFBC}") = "CLK.Settings.Samples", "CLK.Settings\CLK.Settings.Samples\CLK.Settings.Samples.csproj", "{924F1EFA-D959-4473-8825-DDE00E4A21D5}"
EndProject
Global
	GlobalSection(SolutionConfigurationPlatforms) = preSolution
		Debug|Any CPU = Debug|Any CPU
		Release|Any CPU = Release|Any CPU
	EndGlobalSection
	GlobalSection(ProjectConfigurationPlatforms) = postSolution
		{55A100B9-E43E-4E90-A2D8-2B5E5EF31490}.Debug|Any CPU.ActiveCfg = Debug|Any CPU
		{55A100B9-E43E-4E90-A2D8-2B5E5EF31490}.Debug|Any CPU.Build.0 = Debug|Any CPU
		{55A100B9-E43E-4E90-A2D8-2B5E5EF31490}.Release|Any CPU.ActiveCfg = Release|Any CPU
		{55A100B9-E43E-4E90-A2D8-2B5E5EF31490}.Release|Any CPU.Build.0 = Release|Any CPU
		{D821CFE4-A1C8-4252-8929-4404155AD5DD}.Debug|Any CPU.ActiveCfg = Debug|Any CPU
		{D821CFE4-A1C8-4252-8929-4404155AD5DD}.Debug|Any CPU.Build.0 = Debug|Any CPU
		{D821CFE4-A1C8-4252-8929-4404155AD5DD}.Release|Any CPU.ActiveCfg = Release|Any CPU
		{D821CFE4-A1C8-4252-8929-4404155AD5DD}.Release|Any CPU.Build.0 = Release|Any CPU
		{3D0AB3CE-BEA2-4F3D-92DF-584D64ACD15C}.Debug|Any CPU.ActiveCfg = Debug|Any CPU
		{3D0AB3CE-BEA2-4F3D-92DF-584D64ACD15C}.Debug|Any CPU.Build.0 = Debug|Any CPU
		{3D0AB3CE-BEA2-4F3D-92DF-584D64ACD15C}.Release|Any CPU.ActiveCfg = Release|Any CPU
		{3D0AB3CE-BEA2-4F3D-92DF-584D64ACD15C}.Release|Any CPU.Build.0 = Release|Any CPU
		{6BAA3780-80F5-459B-944D-850B468B5E11}.Debug|Any CPU.ActiveCfg = Debug|Any CPU
		{6BAA3780-80F5-459B-944D-850B468B5E11}.Debug|Any CPU.Build.0 = Debug|Any CPU
		{6BAA3780-80F5-459B-944D-850B468B5E11}.Release|Any CPU.ActiveCfg = Release|Any CPU
		{6BAA3780-80F5-459B-944D-850B468B5E11}.Release|Any CPU.Build.0 = Release|Any CPU
		{924F1EFA-D959-4473-8825-DDE00E4A21D5}.Debug|Any CPU.ActiveCfg = Debug|Any CPU
		{924F1EFA-D959-4473-8825-DDE00E4A21D5}.Debug|Any CPU.Build.0 = Debug|Any CPU
		{924F1EFA-D959-4473-8825-DDE00E4A21D5}.Release|Any CPU.ActiveCfg = Release|Any CPU
		{924F1EFA-D959-4473-8825-DDE00E4A21D5}.Release|Any CPU.Build.0 = Release|Any CPU
	EndGlobalSection
	GlobalSection(SolutionProperties) = preSolution
		HideSolutionNode = FALSE
	EndGlobalSection
	GlobalSection(NestedProjects) = preSolution
		{55A100B9-E43E-4E90-A2D8-2B5E5EF31490} = {350C47D2-5C7A-48D5-8380-C749188AE1D5}
		{D821CFE4-A1C8-4252-8929-4404155AD5DD} = {350C47D2-5C7A-48D5-8380-C749188AE1D5}
		{3D0AB3CE-BEA2-4F3D-92DF-584D64ACD15C} = {446F0026-7A88-4593-892B-2C3FE3DBF72B}
		{6BAA3780-80F5-459B-944D-850B468B5E11} = {446F0026-7A88-4593-892B-2C3FE3DBF72B}
		{24E08727-76A0-4950-933A-68CEB6B465D9} = {446F0026-7A88-4593-892B-2C3FE3DBF72B}
		{924F1EFA-D959-4473-8825-DDE00E4A21D5} = {24E08727-76A0-4950-933A-68CEB6B465D9}
	EndGlobalSection
EndGlobal
