
Microsoft Visual Studio Solution File, Format Version 12.00
# Visual Studio 15
VisualStudioVersion = 15.0.28010.2036
MinimumVisualStudioVersion = 10.0.40219.1
Project("{2150E333-8FDC-42A3-9474-1A3956D46DE8}") = "90 Infrastructure", "90 Infrastructure", "{1BB91AA3-DE38-4282-BDC2-110F91B2998C}"
EndProject
Project("{2150E333-8FDC-42A3-9474-1A3956D46DE8}") = "net461", "net461", "{EF05F408-34F4-45D0-8859-C32D0747D298}"
EndProject
Project("{9A19103F-16F7-4668-BE54-9A1E7A4F7556}") = "CLK.Transactions", "CLK.Transactions\CLK.Transactions.csproj", "{AFA21D79-CB98-4723-9FE0-08A308CD9822}"
EndProject
Project("{9A19103F-16F7-4668-BE54-9A1E7A4F7556}") = "CLK.Logging", "CLK.Logging\CLK.Logging.csproj", "{92569F47-4AA2-44AF-9119-0F2E27CBC5D1}"
EndProject
Project("{9A19103F-16F7-4668-BE54-9A1E7A4F7556}") = "CLK.Logging.Log4net", "CLK.Logging.Log4net\CLK.Logging.Log4net.csproj", "{7AFEC0AD-36A8-4FC3-B7AD-9655C77A788A}"
EndProject
Project("{9A19103F-16F7-4668-BE54-9A1E7A4F7556}") = "CLK.Services", "CLK.Services\CLK.Services.csproj", "{D5F9A388-D6DA-4E33-A42D-9FB555D839FC}"
EndProject
Project("{9A19103F-16F7-4668-BE54-9A1E7A4F7556}") = "CLK.Autofac", "CLK.Autofac\CLK.Autofac.csproj", "{8B3AB9AF-A749-4BDC-9BD9-697233AD285E}"
EndProject
Project("{2150E333-8FDC-42A3-9474-1A3956D46DE8}") = "02 Application", "02 Application", "{2B5EC946-F4DE-4423-BB2E-0E0D44572B61}"
EndProject
Project("{9A19103F-16F7-4668-BE54-9A1E7A4F7556}") = "CLK.AspNetCore", "CLK.AspNetCore\CLK.AspNetCore.csproj", "{97E76DC1-3A4F-4F05-AAAB-99D7EF0C7474}"
EndProject
Project("{9A19103F-16F7-4668-BE54-9A1E7A4F7556}") = "CLK.Data.SqlClient", "CLK.Data.SqlClient\CLK.Data.SqlClient.csproj", "{96220256-12A3-41A4-A08B-5E1C7B19FB7A}"
EndProject
Project("{9A19103F-16F7-4668-BE54-9A1E7A4F7556}") = "CLK.Transactions.SqlClient", "CLK.Transactions.SqlClient\CLK.Transactions.SqlClient.csproj", "{F0C8A089-0D0F-444C-ADE3-79F9CD75C014}"
EndProject
Project("{FAE04EC0-301F-11D3-BF4B-00C04F79EFBC}") = "CLK.AspNetCore.Lab", "CLK.AspNetCore.Lab\CLK.AspNetCore.Lab.csproj", "{827CC11F-20F3-41BD-BE06-2C47C444455B}"
EndProject
Project("{FAE04EC0-301F-11D3-BF4B-00C04F79EFBC}") = "CLK.Windows.Lab", "CLK.Windows.Lab\CLK.Windows.Lab.csproj", "{EB05AFA8-86D1-47A2-A1AB-2CA8A6A99652}"
EndProject
Project("{FAE04EC0-301F-11D3-BF4B-00C04F79EFBC}") = "CLK.Activities", "CLK.Activities\CLK.Activities.csproj", "{AD634D0A-9295-4AE2-AEB5-6B8E5AD958C4}"
EndProject
Project("{FAE04EC0-301F-11D3-BF4B-00C04F79EFBC}") = "CLK.Transactions.Distributing", "CLK.Transactions.Distributing\CLK.Transactions.Distributing.csproj", "{D4DACFAC-45EB-402E-A44A-1D8ADCC88F36}"
EndProject
Project("{2150E333-8FDC-42A3-9474-1A3956D46DE8}") = "03 Presentation", "03 Presentation", "{E3BCA0EB-997A-46A0-A47A-873C38DE670C}"
EndProject
Project("{2150E333-8FDC-42A3-9474-1A3956D46DE8}") = "04 Domain", "04 Domain", "{4D0E8077-9C94-4122-A7F8-6B07662E121F}"
EndProject
Project("{2150E333-8FDC-42A3-9474-1A3956D46DE8}") = "05 Accesses", "05 Accesses", "{C8C48F02-465F-4AA8-BAA1-68EE569B57BC}"
EndProject
Project("{FAE04EC0-301F-11D3-BF4B-00C04F79EFBC}") = "CLK.Windows", "CLK.Windows\CLK.Windows.csproj", "{E7B258B3-B85C-40AE-8F9C-94879BC3B41F}"
EndProject
Project("{2150E333-8FDC-42A3-9474-1A3956D46DE8}") = "01 Lab", "01 Lab", "{524D9ABA-421F-4BF8-BE1B-64D7EB9E20CA}"
EndProject
Global
	GlobalSection(SolutionConfigurationPlatforms) = preSolution
		Debug|Any CPU = Debug|Any CPU
		Release|Any CPU = Release|Any CPU
	EndGlobalSection
	GlobalSection(ProjectConfigurationPlatforms) = postSolution
		{AFA21D79-CB98-4723-9FE0-08A308CD9822}.Debug|Any CPU.ActiveCfg = Debug|Any CPU
		{AFA21D79-CB98-4723-9FE0-08A308CD9822}.Debug|Any CPU.Build.0 = Debug|Any CPU
		{AFA21D79-CB98-4723-9FE0-08A308CD9822}.Release|Any CPU.ActiveCfg = Release|Any CPU
		{AFA21D79-CB98-4723-9FE0-08A308CD9822}.Release|Any CPU.Build.0 = Release|Any CPU
		{92569F47-4AA2-44AF-9119-0F2E27CBC5D1}.Debug|Any CPU.ActiveCfg = Debug|Any CPU
		{92569F47-4AA2-44AF-9119-0F2E27CBC5D1}.Debug|Any CPU.Build.0 = Debug|Any CPU
		{92569F47-4AA2-44AF-9119-0F2E27CBC5D1}.Release|Any CPU.ActiveCfg = Release|Any CPU
		{92569F47-4AA2-44AF-9119-0F2E27CBC5D1}.Release|Any CPU.Build.0 = Release|Any CPU
		{7AFEC0AD-36A8-4FC3-B7AD-9655C77A788A}.Debug|Any CPU.ActiveCfg = Debug|Any CPU
		{7AFEC0AD-36A8-4FC3-B7AD-9655C77A788A}.Debug|Any CPU.Build.0 = Debug|Any CPU
		{7AFEC0AD-36A8-4FC3-B7AD-9655C77A788A}.Release|Any CPU.ActiveCfg = Release|Any CPU
		{7AFEC0AD-36A8-4FC3-B7AD-9655C77A788A}.Release|Any CPU.Build.0 = Release|Any CPU
		{D5F9A388-D6DA-4E33-A42D-9FB555D839FC}.Debug|Any CPU.ActiveCfg = Debug|Any CPU
		{D5F9A388-D6DA-4E33-A42D-9FB555D839FC}.Debug|Any CPU.Build.0 = Debug|Any CPU
		{D5F9A388-D6DA-4E33-A42D-9FB555D839FC}.Release|Any CPU.ActiveCfg = Release|Any CPU
		{D5F9A388-D6DA-4E33-A42D-9FB555D839FC}.Release|Any CPU.Build.0 = Release|Any CPU
		{8B3AB9AF-A749-4BDC-9BD9-697233AD285E}.Debug|Any CPU.ActiveCfg = Debug|Any CPU
		{8B3AB9AF-A749-4BDC-9BD9-697233AD285E}.Debug|Any CPU.Build.0 = Debug|Any CPU
		{8B3AB9AF-A749-4BDC-9BD9-697233AD285E}.Release|Any CPU.ActiveCfg = Release|Any CPU
		{8B3AB9AF-A749-4BDC-9BD9-697233AD285E}.Release|Any CPU.Build.0 = Release|Any CPU
		{97E76DC1-3A4F-4F05-AAAB-99D7EF0C7474}.Debug|Any CPU.ActiveCfg = Debug|Any CPU
		{97E76DC1-3A4F-4F05-AAAB-99D7EF0C7474}.Debug|Any CPU.Build.0 = Debug|Any CPU
		{97E76DC1-3A4F-4F05-AAAB-99D7EF0C7474}.Release|Any CPU.ActiveCfg = Release|Any CPU
		{97E76DC1-3A4F-4F05-AAAB-99D7EF0C7474}.Release|Any CPU.Build.0 = Release|Any CPU
		{96220256-12A3-41A4-A08B-5E1C7B19FB7A}.Debug|Any CPU.ActiveCfg = Debug|Any CPU
		{96220256-12A3-41A4-A08B-5E1C7B19FB7A}.Debug|Any CPU.Build.0 = Debug|Any CPU
		{96220256-12A3-41A4-A08B-5E1C7B19FB7A}.Release|Any CPU.ActiveCfg = Release|Any CPU
		{96220256-12A3-41A4-A08B-5E1C7B19FB7A}.Release|Any CPU.Build.0 = Release|Any CPU
		{F0C8A089-0D0F-444C-ADE3-79F9CD75C014}.Debug|Any CPU.ActiveCfg = Debug|Any CPU
		{F0C8A089-0D0F-444C-ADE3-79F9CD75C014}.Debug|Any CPU.Build.0 = Debug|Any CPU
		{F0C8A089-0D0F-444C-ADE3-79F9CD75C014}.Release|Any CPU.ActiveCfg = Release|Any CPU
		{F0C8A089-0D0F-444C-ADE3-79F9CD75C014}.Release|Any CPU.Build.0 = Release|Any CPU
		{827CC11F-20F3-41BD-BE06-2C47C444455B}.Debug|Any CPU.ActiveCfg = Debug|Any CPU
		{827CC11F-20F3-41BD-BE06-2C47C444455B}.Debug|Any CPU.Build.0 = Debug|Any CPU
		{827CC11F-20F3-41BD-BE06-2C47C444455B}.Release|Any CPU.ActiveCfg = Release|Any CPU
		{827CC11F-20F3-41BD-BE06-2C47C444455B}.Release|Any CPU.Build.0 = Release|Any CPU
		{EB05AFA8-86D1-47A2-A1AB-2CA8A6A99652}.Debug|Any CPU.ActiveCfg = Debug|Any CPU
		{EB05AFA8-86D1-47A2-A1AB-2CA8A6A99652}.Debug|Any CPU.Build.0 = Debug|Any CPU
		{EB05AFA8-86D1-47A2-A1AB-2CA8A6A99652}.Release|Any CPU.ActiveCfg = Release|Any CPU
		{EB05AFA8-86D1-47A2-A1AB-2CA8A6A99652}.Release|Any CPU.Build.0 = Release|Any CPU
		{AD634D0A-9295-4AE2-AEB5-6B8E5AD958C4}.Debug|Any CPU.ActiveCfg = Debug|Any CPU
		{AD634D0A-9295-4AE2-AEB5-6B8E5AD958C4}.Debug|Any CPU.Build.0 = Debug|Any CPU
		{AD634D0A-9295-4AE2-AEB5-6B8E5AD958C4}.Release|Any CPU.ActiveCfg = Release|Any CPU
		{AD634D0A-9295-4AE2-AEB5-6B8E5AD958C4}.Release|Any CPU.Build.0 = Release|Any CPU
		{D4DACFAC-45EB-402E-A44A-1D8ADCC88F36}.Debug|Any CPU.ActiveCfg = Debug|Any CPU
		{D4DACFAC-45EB-402E-A44A-1D8ADCC88F36}.Debug|Any CPU.Build.0 = Debug|Any CPU
		{D4DACFAC-45EB-402E-A44A-1D8ADCC88F36}.Release|Any CPU.ActiveCfg = Release|Any CPU
		{D4DACFAC-45EB-402E-A44A-1D8ADCC88F36}.Release|Any CPU.Build.0 = Release|Any CPU
		{E7B258B3-B85C-40AE-8F9C-94879BC3B41F}.Debug|Any CPU.ActiveCfg = Debug|Any CPU
		{E7B258B3-B85C-40AE-8F9C-94879BC3B41F}.Debug|Any CPU.Build.0 = Debug|Any CPU
		{E7B258B3-B85C-40AE-8F9C-94879BC3B41F}.Release|Any CPU.ActiveCfg = Release|Any CPU
		{E7B258B3-B85C-40AE-8F9C-94879BC3B41F}.Release|Any CPU.Build.0 = Release|Any CPU
	EndGlobalSection
	GlobalSection(SolutionProperties) = preSolution
		HideSolutionNode = FALSE
	EndGlobalSection
	GlobalSection(NestedProjects) = preSolution
		{EF05F408-34F4-45D0-8859-C32D0747D298} = {1BB91AA3-DE38-4282-BDC2-110F91B2998C}
		{AFA21D79-CB98-4723-9FE0-08A308CD9822} = {1BB91AA3-DE38-4282-BDC2-110F91B2998C}
		{92569F47-4AA2-44AF-9119-0F2E27CBC5D1} = {1BB91AA3-DE38-4282-BDC2-110F91B2998C}
		{7AFEC0AD-36A8-4FC3-B7AD-9655C77A788A} = {1BB91AA3-DE38-4282-BDC2-110F91B2998C}
		{D5F9A388-D6DA-4E33-A42D-9FB555D839FC} = {E3BCA0EB-997A-46A0-A47A-873C38DE670C}
		{8B3AB9AF-A749-4BDC-9BD9-697233AD285E} = {1BB91AA3-DE38-4282-BDC2-110F91B2998C}
		{97E76DC1-3A4F-4F05-AAAB-99D7EF0C7474} = {2B5EC946-F4DE-4423-BB2E-0E0D44572B61}
		{96220256-12A3-41A4-A08B-5E1C7B19FB7A} = {1BB91AA3-DE38-4282-BDC2-110F91B2998C}
		{F0C8A089-0D0F-444C-ADE3-79F9CD75C014} = {1BB91AA3-DE38-4282-BDC2-110F91B2998C}
		{827CC11F-20F3-41BD-BE06-2C47C444455B} = {524D9ABA-421F-4BF8-BE1B-64D7EB9E20CA}
		{EB05AFA8-86D1-47A2-A1AB-2CA8A6A99652} = {524D9ABA-421F-4BF8-BE1B-64D7EB9E20CA}
		{AD634D0A-9295-4AE2-AEB5-6B8E5AD958C4} = {E3BCA0EB-997A-46A0-A47A-873C38DE670C}
		{D4DACFAC-45EB-402E-A44A-1D8ADCC88F36} = {EF05F408-34F4-45D0-8859-C32D0747D298}
		{E7B258B3-B85C-40AE-8F9C-94879BC3B41F} = {2B5EC946-F4DE-4423-BB2E-0E0D44572B61}
	EndGlobalSection
	GlobalSection(ExtensibilityGlobals) = postSolution
		SolutionGuid = {1B5FF7BC-AA66-4246-86AC-F7CDEC53952D}
	EndGlobalSection
EndGlobal
