
Microsoft Visual Studio Solution File, Format Version 12.00
# Visual Studio 15
VisualStudioVersion = 15.0.28010.2036
MinimumVisualStudioVersion = 10.0.40219.1
Project("{2150E333-8FDC-42A3-9474-1A3956D46DE8}") = "02 CLK.Core", "02 CLK.Core", "{9D39E549-CF33-4FCD-992E-1A5E44F6258A}"
EndProject
Project("{9A19103F-16F7-4668-BE54-9A1E7A4F7556}") = "CLK.Logging", "CLK.Logging\CLK.Logging.csproj", "{9AC5D7BF-4935-41EC-AB6D-E31673F53E44}"
EndProject
Project("{9A19103F-16F7-4668-BE54-9A1E7A4F7556}") = "CLK.Transactions", "CLK.Transactions\CLK.Transactions.csproj", "{0DE9CAEA-C323-46DC-8827-801F15C80FD4}"
EndProject
Project("{FAE04EC0-301F-11D3-BF4B-00C04F79EFBC}") = "CLK.Transactions.Distributing", "CLK.Transactions.Distributing\CLK.Transactions.Distributing.csproj", "{2656788C-362C-43AE-9363-CC82D835D36A}"
EndProject
Project("{FAE04EC0-301F-11D3-BF4B-00C04F79EFBC}") = "CLK.Data.SqlClient", "CLK.Data.SqlClient\CLK.Data.SqlClient.csproj", "{AABF99F3-D2B7-4C95-B2D5-0AB4C9B4A13C}"
EndProject
Project("{FAE04EC0-301F-11D3-BF4B-00C04F79EFBC}") = "CLK.Transactions.SqlClient", "CLK.Transactions.SqlClient\CLK.Transactions.SqlClient.csproj", "{14377FFA-0377-4FEC-A45B-CC027FE91562}"
EndProject
Project("{FAE04EC0-301F-11D3-BF4B-00C04F79EFBC}") = "CLK.Logging.Log4net", "CLK.Logging.Log4net\CLK.Logging.Log4net.csproj", "{DDE9A465-D116-4A51-9079-51C1C44446C8}"
EndProject
Project("{FAE04EC0-301F-11D3-BF4B-00C04F79EFBC}") = "CLK.Autofac", "CLK.Autofac\CLK.Autofac.csproj", "{EB28DCEE-6F50-4EC7-A790-936735E13136}"
EndProject
Project("{FAE04EC0-301F-11D3-BF4B-00C04F79EFBC}") = "CLK.AspNetCore", "CLK.AspNetCore\CLK.AspNetCore.csproj", "{110999FE-FD05-446E-BB5C-B5A3855093A3}"
EndProject
Project("{2150E333-8FDC-42A3-9474-1A3956D46DE8}") = "01 Application", "01 Application", "{8C9EC485-AA4D-4A78-B4D8-040772DB1C62}"
EndProject
Project("{FAE04EC0-301F-11D3-BF4B-00C04F79EFBC}") = "CLK.Services", "CLK.Services\CLK.Services.csproj", "{8D29BF82-5D2A-432D-A1B1-01877C5AB476}"
EndProject
Global
	GlobalSection(SolutionConfigurationPlatforms) = preSolution
		Debug|Any CPU = Debug|Any CPU
		Release|Any CPU = Release|Any CPU
	EndGlobalSection
	GlobalSection(ProjectConfigurationPlatforms) = postSolution
		{9AC5D7BF-4935-41EC-AB6D-E31673F53E44}.Debug|Any CPU.ActiveCfg = Debug|Any CPU
		{9AC5D7BF-4935-41EC-AB6D-E31673F53E44}.Debug|Any CPU.Build.0 = Debug|Any CPU
		{9AC5D7BF-4935-41EC-AB6D-E31673F53E44}.Release|Any CPU.ActiveCfg = Release|Any CPU
		{9AC5D7BF-4935-41EC-AB6D-E31673F53E44}.Release|Any CPU.Build.0 = Release|Any CPU
		{0DE9CAEA-C323-46DC-8827-801F15C80FD4}.Debug|Any CPU.ActiveCfg = Debug|Any CPU
		{0DE9CAEA-C323-46DC-8827-801F15C80FD4}.Debug|Any CPU.Build.0 = Debug|Any CPU
		{0DE9CAEA-C323-46DC-8827-801F15C80FD4}.Release|Any CPU.ActiveCfg = Release|Any CPU
		{0DE9CAEA-C323-46DC-8827-801F15C80FD4}.Release|Any CPU.Build.0 = Release|Any CPU
		{2656788C-362C-43AE-9363-CC82D835D36A}.Debug|Any CPU.ActiveCfg = Debug|Any CPU
		{2656788C-362C-43AE-9363-CC82D835D36A}.Debug|Any CPU.Build.0 = Debug|Any CPU
		{2656788C-362C-43AE-9363-CC82D835D36A}.Release|Any CPU.ActiveCfg = Release|Any CPU
		{2656788C-362C-43AE-9363-CC82D835D36A}.Release|Any CPU.Build.0 = Release|Any CPU
		{AABF99F3-D2B7-4C95-B2D5-0AB4C9B4A13C}.Debug|Any CPU.ActiveCfg = Debug|Any CPU
		{AABF99F3-D2B7-4C95-B2D5-0AB4C9B4A13C}.Debug|Any CPU.Build.0 = Debug|Any CPU
		{AABF99F3-D2B7-4C95-B2D5-0AB4C9B4A13C}.Release|Any CPU.ActiveCfg = Release|Any CPU
		{AABF99F3-D2B7-4C95-B2D5-0AB4C9B4A13C}.Release|Any CPU.Build.0 = Release|Any CPU
		{14377FFA-0377-4FEC-A45B-CC027FE91562}.Debug|Any CPU.ActiveCfg = Debug|Any CPU
		{14377FFA-0377-4FEC-A45B-CC027FE91562}.Debug|Any CPU.Build.0 = Debug|Any CPU
		{14377FFA-0377-4FEC-A45B-CC027FE91562}.Release|Any CPU.ActiveCfg = Release|Any CPU
		{14377FFA-0377-4FEC-A45B-CC027FE91562}.Release|Any CPU.Build.0 = Release|Any CPU
		{DDE9A465-D116-4A51-9079-51C1C44446C8}.Debug|Any CPU.ActiveCfg = Debug|Any CPU
		{DDE9A465-D116-4A51-9079-51C1C44446C8}.Debug|Any CPU.Build.0 = Debug|Any CPU
		{DDE9A465-D116-4A51-9079-51C1C44446C8}.Release|Any CPU.ActiveCfg = Release|Any CPU
		{DDE9A465-D116-4A51-9079-51C1C44446C8}.Release|Any CPU.Build.0 = Release|Any CPU
		{EB28DCEE-6F50-4EC7-A790-936735E13136}.Debug|Any CPU.ActiveCfg = Debug|Any CPU
		{EB28DCEE-6F50-4EC7-A790-936735E13136}.Debug|Any CPU.Build.0 = Debug|Any CPU
		{EB28DCEE-6F50-4EC7-A790-936735E13136}.Release|Any CPU.ActiveCfg = Release|Any CPU
		{EB28DCEE-6F50-4EC7-A790-936735E13136}.Release|Any CPU.Build.0 = Release|Any CPU
		{110999FE-FD05-446E-BB5C-B5A3855093A3}.Debug|Any CPU.ActiveCfg = Debug|Any CPU
		{110999FE-FD05-446E-BB5C-B5A3855093A3}.Debug|Any CPU.Build.0 = Debug|Any CPU
		{110999FE-FD05-446E-BB5C-B5A3855093A3}.Release|Any CPU.ActiveCfg = Release|Any CPU
		{110999FE-FD05-446E-BB5C-B5A3855093A3}.Release|Any CPU.Build.0 = Release|Any CPU
		{8D29BF82-5D2A-432D-A1B1-01877C5AB476}.Debug|Any CPU.ActiveCfg = Debug|Any CPU
		{8D29BF82-5D2A-432D-A1B1-01877C5AB476}.Debug|Any CPU.Build.0 = Debug|Any CPU
		{8D29BF82-5D2A-432D-A1B1-01877C5AB476}.Release|Any CPU.ActiveCfg = Release|Any CPU
		{8D29BF82-5D2A-432D-A1B1-01877C5AB476}.Release|Any CPU.Build.0 = Release|Any CPU
	EndGlobalSection
	GlobalSection(SolutionProperties) = preSolution
		HideSolutionNode = FALSE
	EndGlobalSection
	GlobalSection(NestedProjects) = preSolution
		{9AC5D7BF-4935-41EC-AB6D-E31673F53E44} = {9D39E549-CF33-4FCD-992E-1A5E44F6258A}
		{0DE9CAEA-C323-46DC-8827-801F15C80FD4} = {9D39E549-CF33-4FCD-992E-1A5E44F6258A}
		{2656788C-362C-43AE-9363-CC82D835D36A} = {9D39E549-CF33-4FCD-992E-1A5E44F6258A}
		{AABF99F3-D2B7-4C95-B2D5-0AB4C9B4A13C} = {9D39E549-CF33-4FCD-992E-1A5E44F6258A}
		{14377FFA-0377-4FEC-A45B-CC027FE91562} = {9D39E549-CF33-4FCD-992E-1A5E44F6258A}
		{DDE9A465-D116-4A51-9079-51C1C44446C8} = {9D39E549-CF33-4FCD-992E-1A5E44F6258A}
		{EB28DCEE-6F50-4EC7-A790-936735E13136} = {9D39E549-CF33-4FCD-992E-1A5E44F6258A}
		{110999FE-FD05-446E-BB5C-B5A3855093A3} = {8C9EC485-AA4D-4A78-B4D8-040772DB1C62}
		{8D29BF82-5D2A-432D-A1B1-01877C5AB476} = {9D39E549-CF33-4FCD-992E-1A5E44F6258A}
	EndGlobalSection
	GlobalSection(ExtensibilityGlobals) = postSolution
		SolutionGuid = {F4471C31-52D7-46D7-BC99-58C33693BC45}
	EndGlobalSection
EndGlobal
